
Microsoft Visual Studio Solution File, Format Version 12.00
# Visual Studio 15
VisualStudioVersion = 15.0.25807.0
MinimumVisualStudioVersion = 10.0.40219.1
Project("{2150E333-8FDC-42A3-9474-1A3956D46DE8}") = "Engine", "Engine", "{A6FEE00C-0CC8-43C6-B5FC-A81414D79116}"
EndProject
Project("{2150E333-8FDC-42A3-9474-1A3956D46DE8}") = "Games", "Games", "{024FD233-E16D-497E-84DA-DC7310567B60}"
EndProject
Project("{8BC9CEB8-8B4A-11D0-8D11-00A0C91BC942}") = "Cubito", "Intermediate\ProjectFiles\Cubito.vcxproj", "{25A7B3CA-7BB1-4962-95C0-65C25D90ACBC}"
EndProject
Project("{8BC9CEB8-8B4A-11D0-8D11-00A0C91BC942}") = "UE4", "Intermediate\ProjectFiles\UE4.vcxproj", "{48D989B3-ECF2-4035-8BEC-3852BD5BF899}"
EndProject
Project("{2150E333-8FDC-42A3-9474-1A3956D46DE8}") = "Visualizers", "Visualizers", "{14AEE0B0-51F1-4C9B-BEA7-E9919F9BFAFE}"
	ProjectSection(SolutionItems) = preProject
		D:\UE_4.22\Engine\Extras\VisualStudioDebugging\UE4.natvis = D:\UE_4.22\Engine\Extras\VisualStudioDebugging\UE4.natvis
	EndProjectSection
EndProject
Global
	GlobalSection(SolutionConfigurationPlatforms) = preSolution
		DebugGame Editor|Win32 = DebugGame Editor|Win32
		DebugGame Editor|Win64 = DebugGame Editor|Win64
		DebugGame|Win32 = DebugGame|Win32
		DebugGame|Win64 = DebugGame|Win64
		Development Editor|Win32 = Development Editor|Win32
		Development Editor|Win64 = Development Editor|Win64
		Development|Win32 = Development|Win32
		Development|Win64 = Development|Win64
		Shipping|Win32 = Shipping|Win32
		Shipping|Win64 = Shipping|Win64
	EndGlobalSection
	GlobalSection(ProjectConfigurationPlatforms) = postSolution
		{25A7B3CA-7BB1-4962-95C0-65C25D90ACBC}.DebugGame Editor|Win32.ActiveCfg = Invalid|Win32
		{25A7B3CA-7BB1-4962-95C0-65C25D90ACBC}.DebugGame Editor|Win64.ActiveCfg = DebugGame_Editor|x64
		{25A7B3CA-7BB1-4962-95C0-65C25D90ACBC}.DebugGame Editor|Win64.Build.0 = DebugGame_Editor|x64
		{25A7B3CA-7BB1-4962-95C0-65C25D90ACBC}.DebugGame|Win32.ActiveCfg = DebugGame|Win32
		{25A7B3CA-7BB1-4962-95C0-65C25D90ACBC}.DebugGame|Win32.Build.0 = DebugGame|Win32
		{25A7B3CA-7BB1-4962-95C0-65C25D90ACBC}.DebugGame|Win64.ActiveCfg = DebugGame|x64
		{25A7B3CA-7BB1-4962-95C0-65C25D90ACBC}.DebugGame|Win64.Build.0 = DebugGame|x64
		{25A7B3CA-7BB1-4962-95C0-65C25D90ACBC}.Development Editor|Win32.ActiveCfg = Invalid|Win32
		{25A7B3CA-7BB1-4962-95C0-65C25D90ACBC}.Development Editor|Win64.ActiveCfg = Development_Editor|x64
		{25A7B3CA-7BB1-4962-95C0-65C25D90ACBC}.Development Editor|Win64.Build.0 = Development_Editor|x64
		{25A7B3CA-7BB1-4962-95C0-65C25D90ACBC}.Development|Win32.ActiveCfg = Development|Win32
		{25A7B3CA-7BB1-4962-95C0-65C25D90ACBC}.Development|Win32.Build.0 = Development|Win32
		{25A7B3CA-7BB1-4962-95C0-65C25D90ACBC}.Development|Win64.ActiveCfg = Development|x64
		{25A7B3CA-7BB1-4962-95C0-65C25D90ACBC}.Development|Win64.Build.0 = Development|x64
		{25A7B3CA-7BB1-4962-95C0-65C25D90ACBC}.Shipping|Win32.ActiveCfg = Shipping|Win32
		{25A7B3CA-7BB1-4962-95C0-65C25D90ACBC}.Shipping|Win32.Build.0 = Shipping|Win32
		{25A7B3CA-7BB1-4962-95C0-65C25D90ACBC}.Shipping|Win64.ActiveCfg = Shipping|x64
		{25A7B3CA-7BB1-4962-95C0-65C25D90ACBC}.Shipping|Win64.Build.0 = Shipping|x64
		{48D989B3-ECF2-4035-8BEC-3852BD5BF899}.DebugGame Editor|Win32.ActiveCfg = BuiltWithUnrealBuildTool|Win32
		{48D989B3-ECF2-4035-8BEC-3852BD5BF899}.DebugGame Editor|Win64.ActiveCfg = BuiltWithUnrealBuildTool|Win32
		{48D989B3-ECF2-4035-8BEC-3852BD5BF899}.DebugGame|Win32.ActiveCfg = BuiltWithUnrealBuildTool|Win32
		{48D989B3-ECF2-4035-8BEC-3852BD5BF899}.DebugGame|Win64.ActiveCfg = BuiltWithUnrealBuildTool|Win32
		{48D989B3-ECF2-4035-8BEC-3852BD5BF899}.Development Editor|Win32.ActiveCfg = BuiltWithUnrealBuildTool|Win32
		{48D989B3-ECF2-4035-8BEC-3852BD5BF899}.Development Editor|Win64.ActiveCfg = BuiltWithUnrealBuildTool|Win32
		{48D989B3-ECF2-4035-8BEC-3852BD5BF899}.Development|Win32.ActiveCfg = BuiltWithUnrealBuildTool|Win32
		{48D989B3-ECF2-4035-8BEC-3852BD5BF899}.Development|Win64.ActiveCfg = BuiltWithUnrealBuildTool|Win32
		{48D989B3-ECF2-4035-8BEC-3852BD5BF899}.Shipping|Win32.ActiveCfg = BuiltWithUnrealBuildTool|Win32
		{48D989B3-ECF2-4035-8BEC-3852BD5BF899}.Shipping|Win64.ActiveCfg = BuiltWithUnrealBuildTool|Win32
	EndGlobalSection
	GlobalSection(SolutionProperties) = preSolution
		HideSolutionNode = FALSE
	EndGlobalSection
	GlobalSection(NestedProjects) = preSolution
		{48D989B3-ECF2-4035-8BEC-3852BD5BF899} = {A6FEE00C-0CC8-43C6-B5FC-A81414D79116}
		{25A7B3CA-7BB1-4962-95C0-65C25D90ACBC} = {024FD233-E16D-497E-84DA-DC7310567B60}
	EndGlobalSection
EndGlobal
